
Microsoft Visual Studio Solution File, Format Version 12.00
# Visual Studio Version 16
VisualStudioVersion = 16.0.30907.101
MinimumVisualStudioVersion = 10.0.40219.1
Project("{9A19103F-16F7-4668-BE54-9A1E7A4F7556}") = "ContosoPizza", "ContosoPizza.csproj", "{682F0459-DCB3-4E3E-9398-B64E2F28AC3F}"
EndProject
Global
	GlobalSection(SolutionConfigurationPlatforms) = preSolution
		Debug|Any CPU = Debug|Any CPU
		Release|Any CPU = Release|Any CPU
	EndGlobalSection
	GlobalSection(ProjectConfigurationPlatforms) = postSolution
		{682F0459-DCB3-4E3E-9398-B64E2F28AC3F}.Debug|Any CPU.ActiveCfg = Debug|Any CPU
		{682F0459-DCB3-4E3E-9398-B64E2F28AC3F}.Debug|Any CPU.Build.0 = Debug|Any CPU
		{682F0459-DCB3-4E3E-9398-B64E2F28AC3F}.Release|Any CPU.ActiveCfg = Release|Any CPU
		{682F0459-DCB3-4E3E-9398-B64E2F28AC3F}.Release|Any CPU.Build.0 = Release|Any CPU
	EndGlobalSection
	GlobalSection(SolutionProperties) = preSolution
		HideSolutionNode = FALSE
	EndGlobalSection
	GlobalSection(ExtensibilityGlobals) = postSolution
		SolutionGuid = {1D948122-4876-4866-80AC-CBC8A01F0139}
	EndGlobalSection
EndGlobal
